
Microsoft Visual Studio Solution File, Format Version 12.00
# Visual Studio Version 17
VisualStudioVersion = 17.11.35327.3
MinimumVisualStudioVersion = 10.0.40219.1
Project("{9A19103F-16F7-4668-BE54-9A1E7A4F7556}") = "TennisStoreServer", "TennisStoreServer\TennisStoreServer.csproj", "{74A91614-161E-4811-B4EC-2BF7DF546514}"
EndProject
Project("{9A19103F-16F7-4668-BE54-9A1E7A4F7556}") = "TennisStoreClient", "TennisStoreClient\TennisStoreClient.csproj", "{9D30F0E8-3A51-4E9D-ADE6-2F1624869464}"
EndProject
Project("{9A19103F-16F7-4668-BE54-9A1E7A4F7556}") = "TennisStoreSharedLibrary", "TennisStoreSharedLibrary\TennisStoreSharedLibrary.csproj", "{8B0B5BF7-7844-4FF3-821C-063ABC8D4AA1}"
EndProject
Global
	GlobalSection(SolutionConfigurationPlatforms) = preSolution
		Debug|Any CPU = Debug|Any CPU
		Release|Any CPU = Release|Any CPU
	EndGlobalSection
	GlobalSection(ProjectConfigurationPlatforms) = postSolution
		{74A91614-161E-4811-B4EC-2BF7DF546514}.Debug|Any CPU.ActiveCfg = Debug|Any CPU
		{74A91614-161E-4811-B4EC-2BF7DF546514}.Debug|Any CPU.Build.0 = Debug|Any CPU
		{74A91614-161E-4811-B4EC-2BF7DF546514}.Release|Any CPU.ActiveCfg = Release|Any CPU
		{74A91614-161E-4811-B4EC-2BF7DF546514}.Release|Any CPU.Build.0 = Release|Any CPU
		{9D30F0E8-3A51-4E9D-ADE6-2F1624869464}.Debug|Any CPU.ActiveCfg = Debug|Any CPU
		{9D30F0E8-3A51-4E9D-ADE6-2F1624869464}.Debug|Any CPU.Build.0 = Debug|Any CPU
		{9D30F0E8-3A51-4E9D-ADE6-2F1624869464}.Release|Any CPU.ActiveCfg = Release|Any CPU
		{9D30F0E8-3A51-4E9D-ADE6-2F1624869464}.Release|Any CPU.Build.0 = Release|Any CPU
		{8B0B5BF7-7844-4FF3-821C-063ABC8D4AA1}.Debug|Any CPU.ActiveCfg = Debug|Any CPU
		{8B0B5BF7-7844-4FF3-821C-063ABC8D4AA1}.Debug|Any CPU.Build.0 = Debug|Any CPU
		{8B0B5BF7-7844-4FF3-821C-063ABC8D4AA1}.Release|Any CPU.ActiveCfg = Release|Any CPU
		{8B0B5BF7-7844-4FF3-821C-063ABC8D4AA1}.Release|Any CPU.Build.0 = Release|Any CPU
	EndGlobalSection
	GlobalSection(SolutionProperties) = preSolution
		HideSolutionNode = FALSE
	EndGlobalSection
	GlobalSection(ExtensibilityGlobals) = postSolution
		SolutionGuid = {2B4F48B0-912B-4E29-BE71-B5F6EE3647E0}
	EndGlobalSection
EndGlobal
